
Microsoft Visual Studio Solution File, Format Version 12.00
# Visual Studio 15
VisualStudioVersion = 15.0.27004.2009
MinimumVisualStudioVersion = 10.0.40219.1
Project("{FAE04EC0-301F-11D3-BF4B-00C04F79EFBC}") = "Minecreft.ConsoleTest", "Minecreft.ConsoleTest\Minecreft.ConsoleTest.csproj", "{BBA7D76D-238B-41C0-AC8F-E394D13FBBC5}"
EndProject
Project("{FAE04EC0-301F-11D3-BF4B-00C04F79EFBC}") = "Minecreft.ServerHall", "Minecreft.ServerHall\Minecreft.ServerHall.csproj", "{A436040C-7CE8-4EF1-A7CF-82012211B01E}"
EndProject
Project("{FAE04EC0-301F-11D3-BF4B-00C04F79EFBC}") = "Minecreft.Model", "Minecreft.Model\Minecreft.Model.csproj", "{4AB52B51-AC48-4599-9335-5B178A9A67CE}"
EndProject
Project("{FAE04EC0-301F-11D3-BF4B-00C04F79EFBC}") = "Minecreft.BLL", "Minecreft.BLL\Minecreft.BLL.csproj", "{19D19053-EFAE-4444-A867-E7056C95F2FC}"
EndProject
Project("{FAE04EC0-301F-11D3-BF4B-00C04F79EFBC}") = "Minecreft.DALMongoDb", "Minecreft.DALMongoDb\Minecreft.DALMongoDb.csproj", "{8B034C9C-C188-4BE6-A661-D46948CFBB86}"
EndProject
Project("{FAE04EC0-301F-11D3-BF4B-00C04F79EFBC}") = "Minecreft.DALMySql", "Minecreft.DALMySql\Minecreft.DALMySql.csproj", "{231BB72F-B67A-4BC2-B4A0-6C08FDD464D8}"
EndProject
Project("{FAE04EC0-301F-11D3-BF4B-00C04F79EFBC}") = "Minecreft.CacheRedis", "Minecreft.CacheRedis\Minecreft.CacheRedis.csproj", "{A4FFB8BB-CA85-44BD-BC55-389DB30541E3}"
EndProject
Global
	GlobalSection(SolutionConfigurationPlatforms) = preSolution
		Debug|Any CPU = Debug|Any CPU
		Release|Any CPU = Release|Any CPU
	EndGlobalSection
	GlobalSection(ProjectConfigurationPlatforms) = postSolution
		{BBA7D76D-238B-41C0-AC8F-E394D13FBBC5}.Debug|Any CPU.ActiveCfg = Debug|Any CPU
		{BBA7D76D-238B-41C0-AC8F-E394D13FBBC5}.Debug|Any CPU.Build.0 = Debug|Any CPU
		{BBA7D76D-238B-41C0-AC8F-E394D13FBBC5}.Release|Any CPU.ActiveCfg = Release|Any CPU
		{BBA7D76D-238B-41C0-AC8F-E394D13FBBC5}.Release|Any CPU.Build.0 = Release|Any CPU
		{A436040C-7CE8-4EF1-A7CF-82012211B01E}.Debug|Any CPU.ActiveCfg = Debug|Any CPU
		{A436040C-7CE8-4EF1-A7CF-82012211B01E}.Debug|Any CPU.Build.0 = Debug|Any CPU
		{A436040C-7CE8-4EF1-A7CF-82012211B01E}.Release|Any CPU.ActiveCfg = Release|Any CPU
		{A436040C-7CE8-4EF1-A7CF-82012211B01E}.Release|Any CPU.Build.0 = Release|Any CPU
		{4AB52B51-AC48-4599-9335-5B178A9A67CE}.Debug|Any CPU.ActiveCfg = Debug|Any CPU
		{4AB52B51-AC48-4599-9335-5B178A9A67CE}.Debug|Any CPU.Build.0 = Debug|Any CPU
		{4AB52B51-AC48-4599-9335-5B178A9A67CE}.Release|Any CPU.ActiveCfg = Release|Any CPU
		{4AB52B51-AC48-4599-9335-5B178A9A67CE}.Release|Any CPU.Build.0 = Release|Any CPU
		{19D19053-EFAE-4444-A867-E7056C95F2FC}.Debug|Any CPU.ActiveCfg = Debug|Any CPU
		{19D19053-EFAE-4444-A867-E7056C95F2FC}.Debug|Any CPU.Build.0 = Debug|Any CPU
		{19D19053-EFAE-4444-A867-E7056C95F2FC}.Release|Any CPU.ActiveCfg = Release|Any CPU
		{19D19053-EFAE-4444-A867-E7056C95F2FC}.Release|Any CPU.Build.0 = Release|Any CPU
		{8B034C9C-C188-4BE6-A661-D46948CFBB86}.Debug|Any CPU.ActiveCfg = Debug|Any CPU
		{8B034C9C-C188-4BE6-A661-D46948CFBB86}.Debug|Any CPU.Build.0 = Debug|Any CPU
		{8B034C9C-C188-4BE6-A661-D46948CFBB86}.Release|Any CPU.ActiveCfg = Release|Any CPU
		{8B034C9C-C188-4BE6-A661-D46948CFBB86}.Release|Any CPU.Build.0 = Release|Any CPU
		{231BB72F-B67A-4BC2-B4A0-6C08FDD464D8}.Debug|Any CPU.ActiveCfg = Debug|Any CPU
		{231BB72F-B67A-4BC2-B4A0-6C08FDD464D8}.Debug|Any CPU.Build.0 = Debug|Any CPU
		{231BB72F-B67A-4BC2-B4A0-6C08FDD464D8}.Release|Any CPU.ActiveCfg = Release|Any CPU
		{231BB72F-B67A-4BC2-B4A0-6C08FDD464D8}.Release|Any CPU.Build.0 = Release|Any CPU
		{A4FFB8BB-CA85-44BD-BC55-389DB30541E3}.Debug|Any CPU.ActiveCfg = Debug|Any CPU
		{A4FFB8BB-CA85-44BD-BC55-389DB30541E3}.Debug|Any CPU.Build.0 = Debug|Any CPU
		{A4FFB8BB-CA85-44BD-BC55-389DB30541E3}.Release|Any CPU.ActiveCfg = Release|Any CPU
		{A4FFB8BB-CA85-44BD-BC55-389DB30541E3}.Release|Any CPU.Build.0 = Release|Any CPU
	EndGlobalSection
	GlobalSection(SolutionProperties) = preSolution
		HideSolutionNode = FALSE
	EndGlobalSection
	GlobalSection(ExtensibilityGlobals) = postSolution
		SolutionGuid = {9621E9C1-97BA-4CB5-88E1-0B900808CAC2}
	EndGlobalSection
EndGlobal
